PODS:
  - Alamofire (5.4.0)
  - MaxSvgSDK (1.0.0):
    - Alamofire (~> 5.2)

DEPENDENCIES:
  - Alamofire (~> 5.2)
  - MaxSvgSDK (from `../`)

SPEC REPOS:
  trunk:
    - Alamofire

EXTERNAL SOURCES:
  MaxSvgSDK:
    :path: "../"

SPEC CHECKSUMS:
  Alamofire: 3b6a534a3df22db367e4dedeeca73d1ddfcf0e2f
  MaxSvgSDK: b3f3bdf4542ad52c16886c14b773c8543236fd05

PODFILE CHECKSUM: cadedee7cbf6392ca23247ecc780c616909c56c2

COCOAPODS: 1.9.1
