PODS:
  - Alamofire (4.9.1)
  - MaxSvgSDK (0.1.0):
    - Alamofire

DEPENDENCIES:
  - Alamofire
  - MaxSvgSDK (from `../`)

SPEC REPOS:
  trunk:
    - Alamofire

EXTERNAL SOURCES:
  MaxSvgSDK:
    :path: "../"

SPEC CHECKSUMS:
  Alamofire: 85e8a02c69d6020a0d734f6054870d7ecb75cf18
  MaxSvgSDK: 4a22aceeb2822c4cf7e624eddde48f8da9a551a7

PODFILE CHECKSUM: a349352d33ac4e10405a4ed7dff4ad5c3b40e0d3

COCOAPODS: 1.9.1
